
Microsoft Visual Studio Solution File, Format Version 12.00
# Visual Studio Version 17
VisualStudioVersion = 17.3.32901.215
MinimumVisualStudioVersion = 10.0.40219.1
Project("{FAE04EC0-301F-11D3-BF4B-00C04F79EFBC}") = "EasyWatermark", "EasyWatermark\EasyWatermark.csproj", "{C5595D55-6D38-4B76-AB16-1245DFCE2382}"
EndProject
Global
	GlobalSection(SolutionConfigurationPlatforms) = preSolution
		Debug|Any CPU = Debug|Any CPU
		Release|Any CPU = Release|Any CPU
	EndGlobalSection
	GlobalSection(ProjectConfigurationPlatforms) = postSolution
		{C5595D55-6D38-4B76-AB16-1245DFCE2382}.Debug|Any CPU.ActiveCfg = Debug|Any CPU
		{C5595D55-6D38-4B76-AB16-1245DFCE2382}.Debug|Any CPU.Build.0 = Debug|Any CPU
		{C5595D55-6D38-4B76-AB16-1245DFCE2382}.Release|Any CPU.ActiveCfg = Release|Any CPU
		{C5595D55-6D38-4B76-AB16-1245DFCE2382}.Release|Any CPU.Build.0 = Release|Any CPU
	EndGlobalSection
	GlobalSection(SolutionProperties) = preSolution
		HideSolutionNode = FALSE
	EndGlobalSection
	GlobalSection(ExtensibilityGlobals) = postSolution
		SolutionGuid = {56FD4CAE-D8FA-4507-A945-3BBDFE11B8E6}
	EndGlobalSection
EndGlobal
